
Microsoft Visual Studio Solution File, Format Version 12.00
# Visual Studio Version 16
VisualStudioVersion = 16.0.28803.156
MinimumVisualStudioVersion = 10.0.40219.1
Project("{FAE04EC0-301F-11D3-BF4B-00C04F79EFBC}") = "PiedraPapelTijera.Android", "PiedraPapelTijera\PiedraPapelTijera.Android\PiedraPapelTijera.Android.csproj", "{F57A8B02-AAA9-4E59-8999-3CB290D73329}"
EndProject
Project("{FAE04EC0-301F-11D3-BF4B-00C04F79EFBC}") = "PiedraPapelTijera.iOS", "PiedraPapelTijera\PiedraPapelTijera.iOS\PiedraPapelTijera.iOS.csproj", "{1F839ADE-7A65-429A-AF8D-3101F4C32F83}"
EndProject
Project("{FAE04EC0-301F-11D3-BF4B-00C04F79EFBC}") = "PiedraPapelTijera", "PiedraPapelTijera\PiedraPapelTijera\PiedraPapelTijera.csproj", "{81935742-7D87-443B-850E-70080BA82D91}"
EndProject
Global
	GlobalSection(SolutionConfigurationPlatforms) = preSolution
		Debug|Any CPU = Debug|Any CPU
		Debug|iPhone = Debug|iPhone
		Debug|iPhoneSimulator = Debug|iPhoneSimulator
		Release|Any CPU = Release|Any CPU
		Release|iPhone = Release|iPhone
		Release|iPhoneSimulator = Release|iPhoneSimulator
	EndGlobalSection
	GlobalSection(ProjectConfigurationPlatforms) = postSolution
		{F57A8B02-AAA9-4E59-8999-3CB290D73329}.Debug|Any CPU.ActiveCfg = Debug|Any CPU
		{F57A8B02-AAA9-4E59-8999-3CB290D73329}.Debug|Any CPU.Build.0 = Debug|Any CPU
		{F57A8B02-AAA9-4E59-8999-3CB290D73329}.Debug|Any CPU.Deploy.0 = Debug|Any CPU
		{F57A8B02-AAA9-4E59-8999-3CB290D73329}.Debug|iPhone.ActiveCfg = Debug|Any CPU
		{F57A8B02-AAA9-4E59-8999-3CB290D73329}.Debug|iPhone.Build.0 = Debug|Any CPU
		{F57A8B02-AAA9-4E59-8999-3CB290D73329}.Debug|iPhone.Deploy.0 = Debug|Any CPU
		{F57A8B02-AAA9-4E59-8999-3CB290D73329}.Debug|iPhoneSimulator.ActiveCfg = Debug|Any CPU
		{F57A8B02-AAA9-4E59-8999-3CB290D73329}.Debug|iPhoneSimulator.Build.0 = Debug|Any CPU
		{F57A8B02-AAA9-4E59-8999-3CB290D73329}.Debug|iPhoneSimulator.Deploy.0 = Debug|Any CPU
		{F57A8B02-AAA9-4E59-8999-3CB290D73329}.Release|Any CPU.ActiveCfg = Release|Any CPU
		{F57A8B02-AAA9-4E59-8999-3CB290D73329}.Release|Any CPU.Build.0 = Release|Any CPU
		{F57A8B02-AAA9-4E59-8999-3CB290D73329}.Release|Any CPU.Deploy.0 = Release|Any CPU
		{F57A8B02-AAA9-4E59-8999-3CB290D73329}.Release|iPhone.ActiveCfg = Release|Any CPU
		{F57A8B02-AAA9-4E59-8999-3CB290D73329}.Release|iPhone.Build.0 = Release|Any CPU
		{F57A8B02-AAA9-4E59-8999-3CB290D73329}.Release|iPhone.Deploy.0 = Release|Any CPU
		{F57A8B02-AAA9-4E59-8999-3CB290D73329}.Release|iPhoneSimulator.ActiveCfg = Release|Any CPU
		{F57A8B02-AAA9-4E59-8999-3CB290D73329}.Release|iPhoneSimulator.Build.0 = Release|Any CPU
		{F57A8B02-AAA9-4E59-8999-3CB290D73329}.Release|iPhoneSimulator.Deploy.0 = Release|Any CPU
		{1F839ADE-7A65-429A-AF8D-3101F4C32F83}.Debug|Any CPU.ActiveCfg = Debug|iPhoneSimulator
		{1F839ADE-7A65-429A-AF8D-3101F4C32F83}.Debug|Any CPU.Build.0 = Debug|iPhoneSimulator
		{1F839ADE-7A65-429A-AF8D-3101F4C32F83}.Debug|Any CPU.Deploy.0 = Debug|iPhoneSimulator
		{1F839ADE-7A65-429A-AF8D-3101F4C32F83}.Debug|iPhone.ActiveCfg = Debug|iPhone
		{1F839ADE-7A65-429A-AF8D-3101F4C32F83}.Debug|iPhone.Build.0 = Debug|iPhone
		{1F839ADE-7A65-429A-AF8D-3101F4C32F83}.Debug|iPhone.Deploy.0 = Debug|iPhone
		{1F839ADE-7A65-429A-AF8D-3101F4C32F83}.Debug|iPhoneSimulator.ActiveCfg = Debug|iPhoneSimulator
		{1F839ADE-7A65-429A-AF8D-3101F4C32F83}.Debug|iPhoneSimulator.Build.0 = Debug|iPhoneSimulator
		{1F839ADE-7A65-429A-AF8D-3101F4C32F83}.Debug|iPhoneSimulator.Deploy.0 = Debug|iPhoneSimulator
		{1F839ADE-7A65-429A-AF8D-3101F4C32F83}.Release|Any CPU.ActiveCfg = Release|iPhone
		{1F839ADE-7A65-429A-AF8D-3101F4C32F83}.Release|Any CPU.Build.0 = Release|iPhone
		{1F839ADE-7A65-429A-AF8D-3101F4C32F83}.Release|Any CPU.Deploy.0 = Release|iPhone
		{1F839ADE-7A65-429A-AF8D-3101F4C32F83}.Release|iPhone.ActiveCfg = Release|iPhone
		{1F839ADE-7A65-429A-AF8D-3101F4C32F83}.Release|iPhone.Build.0 = Release|iPhone
		{1F839ADE-7A65-429A-AF8D-3101F4C32F83}.Release|iPhone.Deploy.0 = Release|iPhone
		{1F839ADE-7A65-429A-AF8D-3101F4C32F83}.Release|iPhoneSimulator.ActiveCfg = Release|iPhoneSimulator
		{1F839ADE-7A65-429A-AF8D-3101F4C32F83}.Release|iPhoneSimulator.Build.0 = Release|iPhoneSimulator
		{1F839ADE-7A65-429A-AF8D-3101F4C32F83}.Release|iPhoneSimulator.Deploy.0 = Release|iPhoneSimulator
		{81935742-7D87-443B-850E-70080BA82D91}.Debug|Any CPU.ActiveCfg = Debug|Any CPU
		{81935742-7D87-443B-850E-70080BA82D91}.Debug|Any CPU.Build.0 = Debug|Any CPU
		{81935742-7D87-443B-850E-70080BA82D91}.Debug|Any CPU.Deploy.0 = Debug|Any CPU
		{81935742-7D87-443B-850E-70080BA82D91}.Debug|iPhone.ActiveCfg = Debug|Any CPU
		{81935742-7D87-443B-850E-70080BA82D91}.Debug|iPhone.Build.0 = Debug|Any CPU
		{81935742-7D87-443B-850E-70080BA82D91}.Debug|iPhone.Deploy.0 = Debug|Any CPU
		{81935742-7D87-443B-850E-70080BA82D91}.Debug|iPhoneSimulator.ActiveCfg = Debug|Any CPU
		{81935742-7D87-443B-850E-70080BA82D91}.Debug|iPhoneSimulator.Build.0 = Debug|Any CPU
		{81935742-7D87-443B-850E-70080BA82D91}.Debug|iPhoneSimulator.Deploy.0 = Debug|Any CPU
		{81935742-7D87-443B-850E-70080BA82D91}.Release|Any CPU.ActiveCfg = Release|Any CPU
		{81935742-7D87-443B-850E-70080BA82D91}.Release|Any CPU.Build.0 = Release|Any CPU
		{81935742-7D87-443B-850E-70080BA82D91}.Release|Any CPU.Deploy.0 = Release|Any CPU
		{81935742-7D87-443B-850E-70080BA82D91}.Release|iPhone.ActiveCfg = Release|Any CPU
		{81935742-7D87-443B-850E-70080BA82D91}.Release|iPhone.Build.0 = Release|Any CPU
		{81935742-7D87-443B-850E-70080BA82D91}.Release|iPhone.Deploy.0 = Release|Any CPU
		{81935742-7D87-443B-850E-70080BA82D91}.Release|iPhoneSimulator.ActiveCfg = Release|Any CPU
		{81935742-7D87-443B-850E-70080BA82D91}.Release|iPhoneSimulator.Build.0 = Release|Any CPU
		{81935742-7D87-443B-850E-70080BA82D91}.Release|iPhoneSimulator.Deploy.0 = Release|Any CPU
	EndGlobalSection
	GlobalSection(SolutionProperties) = preSolution
		HideSolutionNode = FALSE
	EndGlobalSection
	GlobalSection(ExtensibilityGlobals) = postSolution
		SolutionGuid = {64B139C1-FACE-4DA8-89DE-CF48C6358F2C}
	EndGlobalSection
EndGlobal
